
Microsoft Visual Studio Solution File, Format Version 12.00
# Visual Studio Version 17
VisualStudioVersion = 17.11.35312.102
MinimumVisualStudioVersion = 10.0.40219.1
Project("{FAE04EC0-301F-11D3-BF4B-00C04F79EFBC}") = "OrangeTreeSim", "OrangeTreeSim\OrangeTreeSim.csproj", "{97A5D7D1-99D1-47D4-A748-ED3464DC76CF}"
EndProject
Project("{FAE04EC0-301F-11D3-BF4B-00C04F79EFBC}") = "OrangeTreeTest", "OrangeTreeTest\OrangeTreeTest.csproj", "{750B12A1-2E56-4D1E-AC0C-B30D79098ED0}"
EndProject
Global
	GlobalSection(SolutionConfigurationPlatforms) = preSolution
		Debug|Any CPU = Debug|Any CPU
		Release|Any CPU = Release|Any CPU
	EndGlobalSection
	GlobalSection(ProjectConfigurationPlatforms) = postSolution
		{97A5D7D1-99D1-47D4-A748-ED3464DC76CF}.Debug|Any CPU.ActiveCfg = Debug|Any CPU
		{97A5D7D1-99D1-47D4-A748-ED3464DC76CF}.Debug|Any CPU.Build.0 = Debug|Any CPU
		{97A5D7D1-99D1-47D4-A748-ED3464DC76CF}.Release|Any CPU.ActiveCfg = Release|Any CPU
		{97A5D7D1-99D1-47D4-A748-ED3464DC76CF}.Release|Any CPU.Build.0 = Release|Any CPU
		{750B12A1-2E56-4D1E-AC0C-B30D79098ED0}.Debug|Any CPU.ActiveCfg = Debug|Any CPU
		{750B12A1-2E56-4D1E-AC0C-B30D79098ED0}.Debug|Any CPU.Build.0 = Debug|Any CPU
		{750B12A1-2E56-4D1E-AC0C-B30D79098ED0}.Release|Any CPU.ActiveCfg = Release|Any CPU
		{750B12A1-2E56-4D1E-AC0C-B30D79098ED0}.Release|Any CPU.Build.0 = Release|Any CPU
	EndGlobalSection
	GlobalSection(SolutionProperties) = preSolution
		HideSolutionNode = FALSE
	EndGlobalSection
	GlobalSection(ExtensibilityGlobals) = postSolution
		SolutionGuid = {27081DD9-77BD-4D34-9E95-44741221F27F}
	EndGlobalSection
EndGlobal
