
Microsoft Visual Studio Solution File, Format Version 12.00
# Visual Studio Version 17
VisualStudioVersion = 17.11.35222.181
MinimumVisualStudioVersion = 10.0.40219.1
Project("{FAE04EC0-301F-11D3-BF4B-00C04F79EFBC}") = "LineSearchTest", "LineSearchTest\LineSearchTest.csproj", "{AF3C9D04-FDB2-4918-841C-3CE61B49FFF4}"
EndProject
Global
	GlobalSection(SolutionConfigurationPlatforms) = preSolution
		Debug|Any CPU = Debug|Any CPU
		Release|Any CPU = Release|Any CPU
	EndGlobalSection
	GlobalSection(ProjectConfigurationPlatforms) = postSolution
		{AF3C9D04-FDB2-4918-841C-3CE61B49FFF4}.Debug|Any CPU.ActiveCfg = Debug|Any CPU
		{AF3C9D04-FDB2-4918-841C-3CE61B49FFF4}.Debug|Any CPU.Build.0 = Debug|Any CPU
		{AF3C9D04-FDB2-4918-841C-3CE61B49FFF4}.Release|Any CPU.ActiveCfg = Release|Any CPU
		{AF3C9D04-FDB2-4918-841C-3CE61B49FFF4}.Release|Any CPU.Build.0 = Release|Any CPU
	EndGlobalSection
	GlobalSection(SolutionProperties) = preSolution
		HideSolutionNode = FALSE
	EndGlobalSection
	GlobalSection(ExtensibilityGlobals) = postSolution
		SolutionGuid = {25864EF1-F719-43DF-80F7-B9B8A50A2E39}
	EndGlobalSection
EndGlobal
