
Microsoft Visual Studio Solution File, Format Version 12.00
# Visual Studio Version 17
VisualStudioVersion = 17.11.35303.130
MinimumVisualStudioVersion = 10.0.40219.1
Project("{FAE04EC0-301F-11D3-BF4B-00C04F79EFBC}") = "TiggerAndPooh", "TiggerAndPooh\TiggerAndPooh.csproj", "{5DAE83AC-795F-45AD-98E1-168B4B5A0370}"
EndProject
Project("{FAE04EC0-301F-11D3-BF4B-00C04F79EFBC}") = "TiggerAndPoohTest", "TiggerAndPoohTest\TiggerAndPoohTest.csproj", "{6BF76033-1332-4B85-BA8D-8A066FE5903F}"
EndProject
Global
	GlobalSection(SolutionConfigurationPlatforms) = preSolution
		Debug|Any CPU = Debug|Any CPU
		Release|Any CPU = Release|Any CPU
	EndGlobalSection
	GlobalSection(ProjectConfigurationPlatforms) = postSolution
		{5DAE83AC-795F-45AD-98E1-168B4B5A0370}.Debug|Any CPU.ActiveCfg = Debug|Any CPU
		{5DAE83AC-795F-45AD-98E1-168B4B5A0370}.Debug|Any CPU.Build.0 = Debug|Any CPU
		{5DAE83AC-795F-45AD-98E1-168B4B5A0370}.Release|Any CPU.ActiveCfg = Release|Any CPU
		{5DAE83AC-795F-45AD-98E1-168B4B5A0370}.Release|Any CPU.Build.0 = Release|Any CPU
		{6BF76033-1332-4B85-BA8D-8A066FE5903F}.Debug|Any CPU.ActiveCfg = Debug|Any CPU
		{6BF76033-1332-4B85-BA8D-8A066FE5903F}.Debug|Any CPU.Build.0 = Debug|Any CPU
		{6BF76033-1332-4B85-BA8D-8A066FE5903F}.Release|Any CPU.ActiveCfg = Release|Any CPU
		{6BF76033-1332-4B85-BA8D-8A066FE5903F}.Release|Any CPU.Build.0 = Release|Any CPU
	EndGlobalSection
	GlobalSection(SolutionProperties) = preSolution
		HideSolutionNode = FALSE
	EndGlobalSection
	GlobalSection(ExtensibilityGlobals) = postSolution
		SolutionGuid = {F9D4DB52-F464-470A-97D6-D19F594B2369}
	EndGlobalSection
EndGlobal
