
Microsoft Visual Studio Solution File, Format Version 12.00
# Visual Studio Version 17
VisualStudioVersion = 17.11.35303.130
MinimumVisualStudioVersion = 10.0.40219.1
Project("{9A19103F-16F7-4668-BE54-9A1E7A4F7556}") = "OrangeTreeSim", "Pr09OrangeTreeSim\OrangeTreeSim.csproj", "{F3FC3266-D151-4F14-AD1A-BDDA338AD000}"
EndProject
Project("{9A19103F-16F7-4668-BE54-9A1E7A4F7556}") = "OrangeTreeTest", "OrangeTreeTest\OrangeTreeTest.csproj", "{1DF62FFB-5867-4F73-A5B5-8E5DE0EB0B4F}"
EndProject
Global
	GlobalSection(SolutionConfigurationPlatforms) = preSolution
		Debug|Any CPU = Debug|Any CPU
		Release|Any CPU = Release|Any CPU
	EndGlobalSection
	GlobalSection(ProjectConfigurationPlatforms) = postSolution
		{F3FC3266-D151-4F14-AD1A-BDDA338AD000}.Debug|Any CPU.ActiveCfg = Debug|Any CPU
		{F3FC3266-D151-4F14-AD1A-BDDA338AD000}.Debug|Any CPU.Build.0 = Debug|Any CPU
		{F3FC3266-D151-4F14-AD1A-BDDA338AD000}.Release|Any CPU.ActiveCfg = Release|Any CPU
		{F3FC3266-D151-4F14-AD1A-BDDA338AD000}.Release|Any CPU.Build.0 = Release|Any CPU
		{1DF62FFB-5867-4F73-A5B5-8E5DE0EB0B4F}.Debug|Any CPU.ActiveCfg = Debug|Any CPU
		{1DF62FFB-5867-4F73-A5B5-8E5DE0EB0B4F}.Debug|Any CPU.Build.0 = Debug|Any CPU
		{1DF62FFB-5867-4F73-A5B5-8E5DE0EB0B4F}.Release|Any CPU.ActiveCfg = Release|Any CPU
		{1DF62FFB-5867-4F73-A5B5-8E5DE0EB0B4F}.Release|Any CPU.Build.0 = Release|Any CPU
	EndGlobalSection
	GlobalSection(SolutionProperties) = preSolution
		HideSolutionNode = FALSE
	EndGlobalSection
	GlobalSection(ExtensibilityGlobals) = postSolution
		SolutionGuid = {FD0DAE1A-7594-48DC-88E6-62905E2C8689}
	EndGlobalSection
EndGlobal
