
Microsoft Visual Studio Solution File, Format Version 12.00
# Visual Studio Version 17
VisualStudioVersion = 17.11.35312.102
MinimumVisualStudioVersion = 10.0.40219.1
Project("{FAE04EC0-301F-11D3-BF4B-00C04F79EFBC}") = "Persistens", "Persistens\Persistens.csproj", "{AD8B066F-66FC-463C-9ABD-0C8D7028B81E}"
EndProject
Project("{FAE04EC0-301F-11D3-BF4B-00C04F79EFBC}") = "PersistensTest", "PersistensTest\PersistensTest.csproj", "{75525A30-740E-4F9F-9171-CC50A48CD96C}"
EndProject
Global
	GlobalSection(SolutionConfigurationPlatforms) = preSolution
		Debug|Any CPU = Debug|Any CPU
		Release|Any CPU = Release|Any CPU
	EndGlobalSection
	GlobalSection(ProjectConfigurationPlatforms) = postSolution
		{AD8B066F-66FC-463C-9ABD-0C8D7028B81E}.Debug|Any CPU.ActiveCfg = Debug|Any CPU
		{AD8B066F-66FC-463C-9ABD-0C8D7028B81E}.Debug|Any CPU.Build.0 = Debug|Any CPU
		{AD8B066F-66FC-463C-9ABD-0C8D7028B81E}.Release|Any CPU.ActiveCfg = Release|Any CPU
		{AD8B066F-66FC-463C-9ABD-0C8D7028B81E}.Release|Any CPU.Build.0 = Release|Any CPU
		{75525A30-740E-4F9F-9171-CC50A48CD96C}.Debug|Any CPU.ActiveCfg = Debug|Any CPU
		{75525A30-740E-4F9F-9171-CC50A48CD96C}.Debug|Any CPU.Build.0 = Debug|Any CPU
		{75525A30-740E-4F9F-9171-CC50A48CD96C}.Release|Any CPU.ActiveCfg = Release|Any CPU
		{75525A30-740E-4F9F-9171-CC50A48CD96C}.Release|Any CPU.Build.0 = Release|Any CPU
	EndGlobalSection
	GlobalSection(SolutionProperties) = preSolution
		HideSolutionNode = FALSE
	EndGlobalSection
	GlobalSection(ExtensibilityGlobals) = postSolution
		SolutionGuid = {B59F2160-087C-462C-A9DB-435C94A69E13}
	EndGlobalSection
EndGlobal
